
Microsoft Visual Studio Solution File, Format Version 12.00
# Visual Studio Version 17
VisualStudioVersion = 17.13.35825.156 d17.13
MinimumVisualStudioVersion = 10.0.40219.1
Project("{FAE04EC0-301F-11D3-BF4B-00C04F79EFBC}") = "sistema_autonomo", "sistema_autonomo\sistema_autonomo.csproj", "{1C74C981-D7FE-417B-B1A3-7B03CAFDC1C0}"
EndProject
Global
	GlobalSection(SolutionConfigurationPlatforms) = preSolution
		Debug|Any CPU = Debug|Any CPU
		Release|Any CPU = Release|Any CPU
	EndGlobalSection
	GlobalSection(ProjectConfigurationPlatforms) = postSolution
		{1C74C981-D7FE-417B-B1A3-7B03CAFDC1C0}.Debug|Any CPU.ActiveCfg = Debug|Any CPU
		{1C74C981-D7FE-417B-B1A3-7B03CAFDC1C0}.Debug|Any CPU.Build.0 = Debug|Any CPU
		{1C74C981-D7FE-417B-B1A3-7B03CAFDC1C0}.Release|Any CPU.ActiveCfg = Release|Any CPU
		{1C74C981-D7FE-417B-B1A3-7B03CAFDC1C0}.Release|Any CPU.Build.0 = Release|Any CPU
	EndGlobalSection
	GlobalSection(SolutionProperties) = preSolution
		HideSolutionNode = FALSE
	EndGlobalSection
	GlobalSection(ExtensibilityGlobals) = postSolution
		SolutionGuid = {B3EC9488-5668-456D-9260-5EA8F12E0661}
	EndGlobalSection
EndGlobal
